// !$*UTF8*$!
{
	archiveVersion = 1;
	classes = {
	};
	objectVersion = 55;
	objects = {

/* Begin PBXBuildFile section */
		765FC2332879DAD800E0C8BA /* Tests_iOS.swift in Sources */ = {isa = PBXBuildFile; fileRef = 765FC2322879DAD800E0C8BA /* Tests_iOS.swift */; };
		765FC2352879DAD800E0C8BA /* Tests_iOSLaunchTests.swift in Sources */ = {isa = PBXBuildFile; fileRef = 765FC2342879DAD800E0C8BA /* Tests_iOSLaunchTests.swift */; };
		765FC23F2879DAD900E0C8BA /* Tests_macOS.swift in Sources */ = {isa = PBXBuildFile; fileRef = 765FC23E2879DAD900E0C8BA /* Tests_macOS.swift */; };
		765FC2412879DAD900E0C8BA /* Tests_macOSLaunchTests.swift in Sources */ = {isa = PBXBuildFile; fileRef = 765FC2402879DAD900E0C8BA /* Tests_macOSLaunchTests.swift */; };
		765FC2422879DAD900E0C8BA /* MapApp.swift in Sources */ = {isa = PBXBuildFile; fileRef = 765FC21A2879DAD600E0C8BA /* MapApp.swift */; };
		765FC2432879DAD900E0C8BA /* MapApp.swift in Sources */ = {isa = PBXBuildFile; fileRef = 765FC21A2879DAD600E0C8BA /* MapApp.swift */; };
		765FC2442879DAD900E0C8BA /* ContentView.swift in Sources */ = {isa = PBXBuildFile; fileRef = 765FC21B2879DAD600E0C8BA /* ContentView.swift */; };
		765FC2452879DAD900E0C8BA /* ContentView.swift in Sources */ = {isa = PBXBuildFile; fileRef = 765FC21B2879DAD600E0C8BA /* ContentView.swift */; };
		765FC2462879DAD900E0C8BA /* Assets.xcassets in Resources */ = {isa = PBXBuildFile; fileRef = 765FC21C2879DAD800E0C8BA /* Assets.xcassets */; };
		765FC2472879DAD900E0C8BA /* Assets.xcassets in Resources */ = {isa = PBXBuildFile; fileRef = 765FC21C2879DAD800E0C8BA /* Assets.xcassets */; };
		765FC2572879DC0D00E0C8BA /* MapView.swift in Sources */ = {isa = PBXBuildFile; fileRef = 765FC2562879DC0D00E0C8BA /* MapView.swift */; };
		765FC2582879DC0D00E0C8BA /* MapView.swift in Sources */ = {isa = PBXBuildFile; fileRef = 765FC2562879DC0D00E0C8BA /* MapView.swift */; };
/* End PBXBuildFile section */

/* Begin PBXContainerItemProxy section */
		765FC22F2879DAD800E0C8BA /* PBXContainerItemProxy */ = {
			isa = PBXContainerItemProxy;
			containerPortal = 765FC2152879DAD600E0C8BA /* Project object */;
			proxyType = 1;
			remoteGlobalIDString = 765FC2202879DAD800E0C8BA;
			remoteInfo = "Map (iOS)";
		};
		765FC23B2879DAD900E0C8BA /* PBXContainerItemProxy */ = {
			isa = PBXContainerItemProxy;
			containerPortal = 765FC2152879DAD600E0C8BA /* Project object */;
			proxyType = 1;
			remoteGlobalIDString = 765FC2262879DAD800E0C8BA;
			remoteInfo = "Map (macOS)";
		};
/* End PBXContainerItemProxy section */

/* Begin PBXFileReference section */
		765FC21A2879DAD600E0C8BA /* MapApp.swift */ = {isa = PBXFileReference; lastKnownFileType = sourcecode.swift; path = MapApp.swift; sourceTree = "<group>"; };
		765FC21B2879DAD600E0C8BA /* ContentView.swift */ = {isa = PBXFileReference; lastKnownFileType = sourcecode.swift; path = ContentView.swift; sourceTree = "<group>"; };
		765FC21C2879DAD800E0C8BA /* Assets.xcassets */ = {isa = PBXFileReference; lastKnownFileType = folder.assetcatalog; path = Assets.xcassets; sourceTree = "<group>"; };
		765FC2212879DAD800E0C8BA /* Map.app */ = {isa = PBXFileReference; explicitFileType = wrapper.application; includeInIndex = 0; path = Map.app; sourceTree = BUILT_PRODUCTS_DIR; };
		765FC2272879DAD800E0C8BA /* Map.app */ = {isa = PBXFileReference; explicitFileType = wrapper.application; includeInIndex = 0; path = Map.app; sourceTree = BUILT_PRODUCTS_DIR; };
		765FC2292879DAD800E0C8BA /* macOS.entitlements */ = {isa = PBXFileReference; lastKnownFileType = text.plist.entitlements; path = macOS.entitlements; sourceTree = "<group>"; };
		765FC22E2879DAD800E0C8BA /* Tests iOS.xctest */ = {isa = PBXFileReference; explicitFileType = wrapper.cfbundle; includeInIndex = 0; path = "Tests iOS.xctest"; sourceTree = BUILT_PRODUCTS_DIR; };
		765FC2322879DAD800E0C8BA /* Tests_iOS.swift */ = {isa = PBXFileReference; lastKnownFileType = sourcecode.swift; path = Tests_iOS.swift; sourceTree = "<group>"; };
		765FC2342879DAD800E0C8BA /* Tests_iOSLaunchTests.swift */ = {isa = PBXFileReference; lastKnownFileType = sourcecode.swift; path = Tests_iOSLaunchTests.swift; sourceTree = "<group>"; };
		765FC23A2879DAD900E0C8BA /* Tests macOS.xctest */ = {isa = PBXFileReference; explicitFileType = wrapper.cfbundle; includeInIndex = 0; path = "Tests macOS.xctest"; sourceTree = BUILT_PRODUCTS_DIR; };
		765FC23E2879DAD900E0C8BA /* Tests_macOS.swift */ = {isa = PBXFileReference; lastKnownFileType = sourcecode.swift; path = Tests_macOS.swift; sourceTree = "<group>"; };
		765FC2402879DAD900E0C8BA /* Tests_macOSLaunchTests.swift */ = {isa = PBXFileReference; lastKnownFileType = sourcecode.swift; path = Tests_macOSLaunchTests.swift; sourceTree = "<group>"; };
		765FC2562879DC0D00E0C8BA /* MapView.swift */ = {isa = PBXFileReference; lastKnownFileType = sourcecode.swift; path = MapView.swift; sourceTree = "<group>"; };
/* End PBXFileReference section */

/* Begin PBXFrameworksBuildPhase section */
		765FC21E2879DAD800E0C8BA /* Frameworks */ = {
			isa = PBXFrameworksBuildPhase;
			buildActionMask = 2147483647;
			files = (
			);
			runOnlyForDeploymentPostprocessing = 0;
		};
		765FC2242879DAD800E0C8BA /* Frameworks */ = {
			isa = PBXFrameworksBuildPhase;
			buildActionMask = 2147483647;
			files = (
			);
			runOnlyForDeploymentPostprocessing = 0;
		};
		765FC22B2879DAD800E0C8BA /* Frameworks */ = {
			isa = PBXFrameworksBuildPhase;
			buildActionMask = 2147483647;
			files = (
			);
			runOnlyForDeploymentPostprocessing = 0;
		};
		765FC2372879DAD900E0C8BA /* Frameworks */ = {
			isa = PBXFrameworksBuildPhase;
			buildActionMask = 2147483647;
			files = (
			);
			runOnlyForDeploymentPostprocessing = 0;
		};
/* End PBXFrameworksBuildPhase section */

/* Begin PBXGroup section */
		765FC2142879DAD600E0C8BA = {
			isa = PBXGroup;
			children = (
				765FC2192879DAD600E0C8BA /* Shared */,
				765FC2282879DAD800E0C8BA /* macOS */,
				765FC2312879DAD800E0C8BA /* Tests iOS */,
				765FC23D2879DAD900E0C8BA /* Tests macOS */,
				765FC2222879DAD800E0C8BA /* Products */,
			);
			sourceTree = "<group>";
		};
		765FC2192879DAD600E0C8BA /* Shared */ = {
			isa = PBXGroup;
			children = (
				765FC21A2879DAD600E0C8BA /* MapApp.swift */,
				765FC21B2879DAD600E0C8BA /* ContentView.swift */,
				765FC2562879DC0D00E0C8BA /* MapView.swift */,
				765FC21C2879DAD800E0C8BA /* Assets.xcassets */,
			);
			path = Shared;
			sourceTree = "<group>";
		};
		765FC2222879DAD800E0C8BA /* Products */ = {
			isa = PBXGroup;
			children = (
				765FC2212879DAD800E0C8BA /* Map.app */,
				765FC2272879DAD800E0C8BA /* Map.app */,
				765FC22E2879DAD800E0C8BA /* Tests iOS.xctest */,
				765FC23A2879DAD900E0C8BA /* Tests macOS.xctest */,
			);
			name = Products;
			sourceTree = "<group>";
		};
		765FC2282879DAD800E0C8BA /* macOS */ = {
			isa = PBXGroup;
			children = (
				765FC2292879DAD800E0C8BA /* macOS.entitlements */,
			);
			path = macOS;
			sourceTree = "<group>";
		};
		765FC2312879DAD800E0C8BA /* Tests iOS */ = {
			isa = PBXGroup;
			children = (
				765FC2322879DAD800E0C8BA /* Tests_iOS.swift */,
				765FC2342879DAD800E0C8BA /* Tests_iOSLaunchTests.swift */,
			);
			path = "Tests iOS";
			sourceTree = "<group>";
		};
		765FC23D2879DAD900E0C8BA /* Tests macOS */ = {
			isa = PBXGroup;
			children = (
				765FC23E2879DAD900E0C8BA /* Tests_macOS.swift */,
				765FC2402879DAD900E0C8BA /* Tests_macOSLaunchTests.swift */,
			);
			path = "Tests macOS";
			sourceTree = "<group>";
		};
/* End PBXGroup section */

/* Begin PBXNativeTarget section */
		765FC2202879DAD800E0C8BA /* Map (iOS) */ = {
			isa = PBXNativeTarget;
			buildConfigurationList = 765FC24A2879DAD900E0C8BA /* Build configuration list for PBXNativeTarget "Map (iOS)" */;
			buildPhases = (
				765FC21D2879DAD800E0C8BA /* Sources */,
				765FC21E2879DAD800E0C8BA /* Frameworks */,
				765FC21F2879DAD800E0C8BA /* Resources */,
			);
			buildRules = (
			);
			dependencies = (
			);
			name = "Map (iOS)";
			productName = "Map (iOS)";
			productReference = 765FC2212879DAD800E0C8BA /* Map.app */;
			productType = "com.apple.product-type.application";
		};
		765FC2262879DAD800E0C8BA /* Map (macOS) */ = {
			isa = PBXNativeTarget;
			buildConfigurationList = 765FC24D2879DAD900E0C8BA /* Build configuration list for PBXNativeTarget "Map (macOS)" */;
			buildPhases = (
				765FC2232879DAD800E0C8BA /* Sources */,
				765FC2242879DAD800E0C8BA /* Frameworks */,
				765FC2252879DAD800E0C8BA /* Resources */,
			);
			buildRules = (
			);
			dependencies = (
			);
			name = "Map (macOS)";
			productName = "Map (macOS)";
			productReference = 765FC2272879DAD800E0C8BA /* Map.app */;
			productType = "com.apple.product-type.application";
		};
		765FC22D2879DAD800E0C8BA /* Tests iOS */ = {
			isa = PBXNativeTarget;
			buildConfigurationList = 765FC2502879DAD900E0C8BA /* Build configuration list for PBXNativeTarget "Tests iOS" */;
			buildPhases = (
				765FC22A2879DAD800E0C8BA /* Sources */,
				765FC22B2879DAD800E0C8BA /* Frameworks */,
				765FC22C2879DAD800E0C8BA /* Resources */,
			);
			buildRules = (
			);
			dependencies = (
				765FC2302879DAD800E0C8BA /* PBXTargetDependency */,
			);
			name = "Tests iOS";
			productName = "Tests iOS";
			productReference = 765FC22E2879DAD800E0C8BA /* Tests iOS.xctest */;
			productType = "com.apple.product-type.bundle.ui-testing";
		};
		765FC2392879DAD900E0C8BA /* Tests macOS */ = {
			isa = PBXNativeTarget;
			buildConfigurationList = 765FC2532879DAD900E0C8BA /* Build configuration list for PBXNativeTarget "Tests macOS" */;
			buildPhases = (
				765FC2362879DAD900E0C8BA /* Sources */,
				765FC2372879DAD900E0C8BA /* Frameworks */,
				765FC2382879DAD900E0C8BA /* Resources */,
			);
			buildRules = (
			);
			dependencies = (
				765FC23C2879DAD900E0C8BA /* PBXTargetDependency */,
			);
			name = "Tests macOS";
			productName = "Tests macOS";
			productReference = 765FC23A2879DAD900E0C8BA /* Tests macOS.xctest */;
			productType = "com.apple.product-type.bundle.ui-testing";
		};
/* End PBXNativeTarget section */

/* Begin PBXProject section */
		765FC2152879DAD600E0C8BA /* Project object */ = {
			isa = PBXProject;
			attributes = {
				BuildIndependentTargetsInParallel = 1;
				LastSwiftUpdateCheck = 1340;
				LastUpgradeCheck = 1340;
				TargetAttributes = {
					765FC2202879DAD800E0C8BA = {
						CreatedOnToolsVersion = 13.4.1;
					};
					765FC2262879DAD800E0C8BA = {
						CreatedOnToolsVersion = 13.4.1;
					};
					765FC22D2879DAD800E0C8BA = {
						CreatedOnToolsVersion = 13.4.1;
						TestTargetID = 765FC2202879DAD800E0C8BA;
					};
					765FC2392879DAD900E0C8BA = {
						CreatedOnToolsVersion = 13.4.1;
						TestTargetID = 765FC2262879DAD800E0C8BA;
					};
				};
			};
			buildConfigurationList = 765FC2182879DAD600E0C8BA /* Build configuration list for PBXProject "Map" */;
			compatibilityVersion = "Xcode 13.0";
			developmentRegion = en;
			hasScannedForEncodings = 0;
			knownRegions = (
				en,
				Base,
			);
			mainGroup = 765FC2142879DAD600E0C8BA;
			productRefGroup = 765FC2222879DAD800E0C8BA /* Products */;
			projectDirPath = "";
			projectRoot = "";
			targets = (
				765FC2202879DAD800E0C8BA /* Map (iOS) */,
				765FC2262879DAD800E0C8BA /* Map (macOS) */,
				765FC22D2879DAD800E0C8BA /* Tests iOS */,
				765FC2392879DAD900E0C8BA /* Tests macOS */,
			);
		};
/* End PBXProject section */

/* Begin PBXResourcesBuildPhase section */
		765FC21F2879DAD800E0C8BA /* Resources */ = {
			isa = PBXResourcesBuildPhase;
			buildActionMask = 2147483647;
			files = (
				765FC2462879DAD900E0C8BA /* Assets.xcassets in Resources */,
			);
			runOnlyForDeploymentPostprocessing = 0;
		};
		765FC2252879DAD800E0C8BA /* Resources */ = {
			isa = PBXResourcesBuildPhase;
			buildActionMask = 2147483647;
			files = (
				765FC2472879DAD900E0C8BA /* Assets.xcassets in Resources */,
			);
			runOnlyForDeploymentPostprocessing = 0;
		};
		765FC22C2879DAD800E0C8BA /* Resources */ = {
			isa = PBXResourcesBuildPhase;
			buildActionMask = 2147483647;
			files = (
			);
			runOnlyForDeploymentPostprocessing = 0;
		};
		765FC2382879DAD900E0C8BA /* Resources */ = {
			isa = PBXResourcesBuildPhase;
			buildActionMask = 2147483647;
			files = (
			);
			runOnlyForDeploymentPostprocessing = 0;
		};
/* End PBXResourcesBuildPhase section */

/* Begin PBXSourcesBuildPhase section */
		765FC21D2879DAD800E0C8BA /* Sources */ = {
			isa = PBXSourcesBuildPhase;
			buildActionMask = 2147483647;
			files = (
				765FC2442879DAD900E0C8BA /* ContentView.swift in Sources */,
				765FC2572879DC0D00E0C8BA /* MapView.swift in Sources */,
				765FC2422879DAD900E0C8BA /* MapApp.swift in Sources */,
			);
			runOnlyForDeploymentPostprocessing = 0;
		};
		765FC2232879DAD800E0C8BA /* Sources */ = {
			isa = PBXSourcesBuildPhase;
			buildActionMask = 2147483647;
			files = (
				765FC2452879DAD900E0C8BA /* ContentView.swift in Sources */,
				765FC2582879DC0D00E0C8BA /* MapView.swift in Sources */,
				765FC2432879DAD900E0C8BA /* MapApp.swift in Sources */,
			);
			runOnlyForDeploymentPostprocessing = 0;
		};
		765FC22A2879DAD800E0C8BA /* Sources */ = {
			isa = PBXSourcesBuildPhase;
			buildActionMask = 2147483647;
			files = (
				765FC2352879DAD800E0C8BA /* Tests_iOSLaunchTests.swift in Sources */,
				765FC2332879DAD800E0C8BA /* Tests_iOS.swift in Sources */,
			);
			runOnlyForDeploymentPostprocessing = 0;
		};
		765FC2362879DAD900E0C8BA /* Sources */ = {
			isa = PBXSourcesBuildPhase;
			buildActionMask = 2147483647;
			files = (
				765FC2412879DAD900E0C8BA /* Tests_macOSLaunchTests.swift in Sources */,
				765FC23F2879DAD900E0C8BA /* Tests_macOS.swift in Sources */,
			);
			runOnlyForDeploymentPostprocessing = 0;
		};
/* End PBXSourcesBuildPhase section */

/* Begin PBXTargetDependency section */
		765FC2302879DAD800E0C8BA /* PBXTargetDependency */ = {
			isa = PBXTargetDependency;
			target = 765FC2202879DAD800E0C8BA /* Map (iOS) */;
			targetProxy = 765FC22F2879DAD800E0C8BA /* PBXContainerItemProxy */;
		};
		765FC23C2879DAD900E0C8BA /* PBXTargetDependency */ = {
			isa = PBXTargetDependency;
			target = 765FC2262879DAD800E0C8BA /* Map (macOS) */;
			targetProxy = 765FC23B2879DAD900E0C8BA /* PBXContainerItemProxy */;
		};
/* End PBXTargetDependency section */

/* Begin XCBuildConfiguration section */
		765FC2482879DAD900E0C8BA /* Debug */ = {
			isa = XCBuildConfiguration;
			buildSettings = {
				ALWAYS_SEARCH_USER_PATHS = NO;
				CLANG_ANALYZER_NONNULL = YES;
				CLANG_ANALYZER_NUMBER_OBJECT_CONVERSION = YES_AGGRESSIVE;
				CLANG_CXX_LANGUAGE_STANDARD = "gnu++17";
				CLANG_ENABLE_MODULES = YES;
				CLANG_ENABLE_OBJC_ARC = YES;
				CLANG_ENABLE_OBJC_WEAK = YES;
				CLANG_WARN_BLOCK_CAPTURE_AUTORELEASING = YES;
				CLANG_WARN_BOOL_CONVERSION = YES;
				CLANG_WARN_COMMA = YES;
				CLANG_WARN_CONSTANT_CONVERSION = YES;
				CLANG_WARN_DEPRECATED_OBJC_IMPLEMENTATIONS = YES;
				CLANG_WARN_DIRECT_OBJC_ISA_USAGE = YES_ERROR;
				CLANG_WARN_DOCUMENTATION_COMMENTS = YES;
				CLANG_WARN_EMPTY_BODY = YES;
				CLANG_WARN_ENUM_CONVERSION = YES;
				CLANG_WARN_INFINITE_RECURSION = YES;
				CLANG_WARN_INT_CONVERSION = YES;
				CLANG_WARN_NON_LITERAL_NULL_CONVERSION = YES;
				CLANG_WARN_OBJC_IMPLICIT_RETAIN_SELF = YES;
				CLANG_WARN_OBJC_LITERAL_CONVERSION = YES;
				CLANG_WARN_OBJC_ROOT_CLASS = YES_ERROR;
				CLANG_WARN_QUOTED_INCLUDE_IN_FRAMEWORK_HEADER = YES;
				CLANG_WARN_RANGE_LOOP_ANALYSIS = YES;
				CLANG_WARN_STRICT_PROTOTYPES = YES;
				CLANG_WARN_SUSPICIOUS_MOVE = YES;
				CLANG_WARN_UNGUARDED_AVAILABILITY = YES_AGGRESSIVE;
				CLANG_WARN_UNREACHABLE_CODE = YES;
				CLANG_WARN__DUPLICATE_METHOD_MATCH = YES;
				COPY_PHASE_STRIP = NO;
				DEBUG_INFORMATION_FORMAT = dwarf;
				ENABLE_STRICT_OBJC_MSGSEND = YES;
				ENABLE_TESTABILITY = YES;
				GCC_C_LANGUAGE_STANDARD = gnu11;
				GCC_DYNAMIC_NO_PIC = NO;
				GCC_NO_COMMON_BLOCKS = YES;
				GCC_OPTIMIZATION_LEVEL = 0;
				GCC_PREPROCESSOR_DEFINITIONS = (
					"DEBUG=1",
					"$(inherited)",
				);
				GCC_WARN_64_TO_32_BIT_CONVERSION = YES;
				GCC_WARN_ABOUT_RETURN_TYPE = YES_ERROR;
				GCC_WARN_UNDECLARED_SELECTOR = YES;
				GCC_WARN_UNINITIALIZED_AUTOS = YES_AGGRESSIVE;
				GCC_WARN_UNUSED_FUNCTION = YES;
				GCC_WARN_UNUSED_VARIABLE = YES;
				MTL_ENABLE_DEBUG_INFO = INCLUDE_SOURCE;
				MTL_FAST_MATH = YES;
				ONLY_ACTIVE_ARCH = YES;
				SWIFT_ACTIVE_COMPILATION_CONDITIONS = DEBUG;
				SWIFT_OPTIMIZATION_LEVEL = "-Onone";
			};
			name = Debug;
		};
		765FC2492879DAD900E0C8BA /* Release */ = {
			isa = XCBuildConfiguration;
			buildSettings = {
				ALWAYS_SEARCH_USER_PATHS = NO;
				CLANG_ANALYZER_NONNULL = YES;
				CLANG_ANALYZER_NUMBER_OBJECT_CONVERSION = YES_AGGRESSIVE;
				CLANG_CXX_LANGUAGE_STANDARD = "gnu++17";
				CLANG_ENABLE_MODULES = YES;
				CLANG_ENABLE_OBJC_ARC = YES;
				CLANG_ENABLE_OBJC_WEAK = YES;
				CLANG_WARN_BLOCK_CAPTURE_AUTORELEASING = YES;
				CLANG_WARN_BOOL_CONVERSION = YES;
				CLANG_WARN_COMMA = YES;
				CLANG_WARN_CONSTANT_CONVERSION = YES;
				CLANG_WARN_DEPRECATED_OBJC_IMPLEMENTATIONS = YES;
				CLANG_WARN_DIRECT_OBJC_ISA_USAGE = YES_ERROR;
				CLANG_WARN_DOCUMENTATION_COMMENTS = YES;
				CLANG_WARN_EMPTY_BODY = YES;
				CLANG_WARN_ENUM_CONVERSION = YES;
				CLANG_WARN_INFINITE_RECURSION = YES;
				CLANG_WARN_INT_CONVERSION = YES;
				CLANG_WARN_NON_LITERAL_NULL_CONVERSION = YES;
				CLANG_WARN_OBJC_IMPLICIT_RETAIN_SELF = YES;
				CLANG_WARN_OBJC_LITERAL_CONVERSION = YES;
				CLANG_WARN_OBJC_ROOT_CLASS = YES_ERROR;
				CLANG_WARN_QUOTED_INCLUDE_IN_FRAMEWORK_HEADER = YES;
				CLANG_WARN_RANGE_LOOP_ANALYSIS = YES;
				CLANG_WARN_STRICT_PROTOTYPES = YES;
				CLANG_WARN_SUSPICIOUS_MOVE = YES;
				CLANG_WARN_UNGUARDED_AVAILABILITY = YES_AGGRESSIVE;
				CLANG_WARN_UNREACHABLE_CODE = YES;
				CLANG_WARN__DUPLICATE_METHOD_MATCH = YES;
				COPY_PHASE_STRIP = NO;
				DEBUG_INFORMATION_FORMAT = "dwarf-with-dsym";
				ENABLE_NS_ASSERTIONS = NO;
				ENABLE_STRICT_OBJC_MSGSEND = YES;
				GCC_C_LANGUAGE_STANDARD = gnu11;
				GCC_NO_COMMON_BLOCKS = YES;
				GCC_WARN_64_TO_32_BIT_CONVERSION = YES;
				GCC_WARN_ABOUT_RETURN_TYPE = YES_ERROR;
				GCC_WARN_UNDECLARED_SELECTOR = YES;
				GCC_WARN_UNINITIALIZED_AUTOS = YES_AGGRESSIVE;
				GCC_WARN_UNUSED_FUNCTION = YES;
				GCC_WARN_UNUSED_VARIABLE = YES;
				MTL_ENABLE_DEBUG_INFO = NO;
				MTL_FAST_MATH = YES;
				SWIFT_COMPILATION_MODE = wholemodule;
				SWIFT_OPTIMIZATION_LEVEL = "-O";
			};
			name = Release;
		};
		765FC24B2879DAD900E0C8BA /* Debug */ = {
			isa = XCBuildConfiguration;
			buildSettings = {
				ASSETCATALOG_COMPILER_APPICON_NAME = AppIcon;
				ASSETCATALOG_COMPILER_GLOBAL_ACCENT_COLOR_NAME = AccentColor;
				CODE_SIGN_STYLE = Automatic;
				CURRENT_PROJECT_VERSION = 1;
				ENABLE_PREVIEWS = YES;
				GENERATE_INFOPLIST_FILE = YES;
				INFOPLIST_KEY_UIApplicationSceneManifest_Generation = YES;
				INFOPLIST_KEY_UIApplicationSupportsIndirectInputEvents = YES;
				INFOPLIST_KEY_UILaunchScreen_Generation = YES;
				INFOPLIST_KEY_UISupportedInterfaceOrientations_iPad = "UIInterfaceOrientationPortrait UIInterfaceOrientationPortraitUpsideDown UIInterfaceOrientationLandscapeLeft UIInterfaceOrientationLandscapeRight";
				INFOPLIST_KEY_UISupportedInterfaceOrientations_iPhone = "UIInterfaceOrientationPortrait UIInterfaceOrientationLandscapeLeft UIInterfaceOrientationLandscapeRight";
				IPHONEOS_DEPLOYMENT_TARGET = 15.5;
				LD_RUNPATH_SEARCH_PATHS = (
					"$(inherited)",
					"@executable_path/Frameworks",
				);
				MARKETING_VERSION = 1.0;
				PRODUCT_BUNDLE_IDENTIFIER = work.yukineko.Map;
				PRODUCT_NAME = Map;
				SDKROOT = iphoneos;
				SWIFT_EMIT_LOC_STRINGS = YES;
				SWIFT_VERSION = 5.0;
				TARGETED_DEVICE_FAMILY = "1,2";
			};
			name = Debug;
		};
		765FC24C2879DAD900E0C8BA /* Release */ = {
			isa = XCBuildConfiguration;
			buildSettings = {
				ASSETCATALOG_COMPILER_APPICON_NAME = AppIcon;
				ASSETCATALOG_COMPILER_GLOBAL_ACCENT_COLOR_NAME = AccentColor;
				CODE_SIGN_STYLE = Automatic;
				CURRENT_PROJECT_VERSION = 1;
				ENABLE_PREVIEWS = YES;
				GENERATE_INFOPLIST_FILE = YES;
				INFOPLIST_KEY_UIApplicationSceneManifest_Generation = YES;
				INFOPLIST_KEY_UIApplicationSupportsIndirectInputEvents = YES;
				INFOPLIST_KEY_UILaunchScreen_Generation = YES;
				INFOPLIST_KEY_UISupportedInterfaceOrientations_iPad = "UIInterfaceOrientationPortrait UIInterfaceOrientationPortraitUpsideDown UIInterfaceOrientationLandscapeLeft UIInterfaceOrientationLandscapeRight";
				INFOPLIST_KEY_UISupportedInterfaceOrientations_iPhone = "UIInterfaceOrientationPortrait UIInterfaceOrientationLandscapeLeft UIInterfaceOrientationLandscapeRight";
				IPHONEOS_DEPLOYMENT_TARGET = 15.5;
				LD_RUNPATH_SEARCH_PATHS = (
					"$(inherited)",
					"@executable_path/Frameworks",
				);
				MARKETING_VERSION = 1.0;
				PRODUCT_BUNDLE_IDENTIFIER = work.yukineko.Map;
				PRODUCT_NAME = Map;
				SDKROOT = iphoneos;
				SWIFT_EMIT_LOC_STRINGS = YES;
				SWIFT_VERSION = 5.0;
				TARGETED_DEVICE_FAMILY = "1,2";
				VALIDATE_PRODUCT = YES;
			};
			name = Release;
		};
		765FC24E2879DAD900E0C8BA /* Debug */ = {
			isa = XCBuildConfiguration;
			buildSettings = {
				ASSETCATALOG_COMPILER_APPICON_NAME = AppIcon;
				ASSETCATALOG_COMPILER_GLOBAL_ACCENT_COLOR_NAME = AccentColor;
				CODE_SIGN_ENTITLEMENTS = macOS/macOS.entitlements;
				CODE_SIGN_STYLE = Automatic;
				COMBINE_HIDPI_IMAGES = YES;
				CURRENT_PROJECT_VERSION = 1;
				ENABLE_PREVIEWS = YES;
				GENERATE_INFOPLIST_FILE = YES;
				INFOPLIST_KEY_NSHumanReadableCopyright = "";
				LD_RUNPATH_SEARCH_PATHS = (
					"$(inherited)",
					"@executable_path/../Frameworks",
				);
				MACOSX_DEPLOYMENT_TARGET = 12.3;
				MARKETING_VERSION = 1.0;
				PRODUCT_BUNDLE_IDENTIFIER = work.yukineko.Map;
				PRODUCT_NAME = Map;
				SDKROOT = macosx;
				SWIFT_EMIT_LOC_STRINGS = YES;
				SWIFT_VERSION = 5.0;
			};
			name = Debug;
		};
		765FC24F2879DAD900E0C8BA /* Release */ = {
			isa = XCBuildConfiguration;
			buildSettings = {
				ASSETCATALOG_COMPILER_APPICON_NAME = AppIcon;
				ASSETCATALOG_COMPILER_GLOBAL_ACCENT_COLOR_NAME = AccentColor;
				CODE_SIGN_ENTITLEMENTS = macOS/macOS.entitlements;
				CODE_SIGN_STYLE = Automatic;
				COMBINE_HIDPI_IMAGES = YES;
				CURRENT_PROJECT_VERSION = 1;
				ENABLE_PREVIEWS = YES;
				GENERATE_INFOPLIST_FILE = YES;
				INFOPLIST_KEY_NSHumanReadableCopyright = "";
				LD_RUNPATH_SEARCH_PATHS = (
					"$(inherited)",
					"@executable_path/../Frameworks",
				);
				MACOSX_DEPLOYMENT_TARGET = 12.3;
				MARKETING_VERSION = 1.0;
				PRODUCT_BUNDLE_IDENTIFIER = work.yukineko.Map;
				PRODUCT_NAME = Map;
				SDKROOT = macosx;
				SWIFT_EMIT_LOC_STRINGS = YES;
				SWIFT_VERSION = 5.0;
			};
			name = Release;
		};
		765FC2512879DAD900E0C8BA /* Debug */ = {
			isa = XCBuildConfiguration;
			buildSettings = {
				ALWAYS_EMBED_SWIFT_STANDARD_LIBRARIES = YES;
				CODE_SIGN_STYLE = Automatic;
				CURRENT_PROJECT_VERSION = 1;
				GENERATE_INFOPLIST_FILE = YES;
				IPHONEOS_DEPLOYMENT_TARGET = 15.5;
				MARKETING_VERSION = 1.0;
				PRODUCT_BUNDLE_IDENTIFIER = "work.yukineko.Tests-iOS";
				PRODUCT_NAME = "$(TARGET_NAME)";
				SDKROOT = iphoneos;
				SWIFT_EMIT_LOC_STRINGS = NO;
				SWIFT_VERSION = 5.0;
				TARGETED_DEVICE_FAMILY = "1,2";
				TEST_TARGET_NAME = "Map (iOS)";
			};
			name = Debug;
		};
		765FC2522879DAD900E0C8BA /* Release */ = {
			isa = XCBuildConfiguration;
			buildSettings = {
				ALWAYS_EMBED_SWIFT_STANDARD_LIBRARIES = YES;
				CODE_SIGN_STYLE = Automatic;
				CURRENT_PROJECT_VERSION = 1;
				GENERATE_INFOPLIST_FILE = YES;
				IPHONEOS_DEPLOYMENT_TARGET = 15.5;
				MARKETING_VERSION = 1.0;
				PRODUCT_BUNDLE_IDENTIFIER = "work.yukineko.Tests-iOS";
				PRODUCT_NAME = "$(TARGET_NAME)";
				SDKROOT = iphoneos;
				SWIFT_EMIT_LOC_STRINGS = NO;
				SWIFT_VERSION = 5.0;
				TARGETED_DEVICE_FAMILY = "1,2";
				TEST_TARGET_NAME = "Map (iOS)";
				VALIDATE_PRODUCT = YES;
			};
			name = Release;
		};
		765FC2542879DAD900E0C8BA /* Debug */ = {
			isa = XCBuildConfiguration;
			buildSettings = {
				ALWAYS_EMBED_SWIFT_STANDARD_LIBRARIES = YES;
				CODE_SIGN_STYLE = Automatic;
				CURRENT_PROJECT_VERSION = 1;
				GENERATE_INFOPLIST_FILE = YES;
				MACOSX_DEPLOYMENT_TARGET = 12.3;
				MARKETING_VERSION = 1.0;
				PRODUCT_BUNDLE_IDENTIFIER = "work.yukineko.Tests-macOS";
				PRODUCT_NAME = "$(TARGET_NAME)";
				SDKROOT = macosx;
				SWIFT_EMIT_LOC_STRINGS = NO;
				SWIFT_VERSION = 5.0;
				TEST_TARGET_NAME = "Map (macOS)";
			};
			name = Debug;
		};
		765FC2552879DAD900E0C8BA /* Release */ = {
			isa = XCBuildConfiguration;
			buildSettings = {
				ALWAYS_EMBED_SWIFT_STANDARD_LIBRARIES = YES;
				CODE_SIGN_STYLE = Automatic;
				CURRENT_PROJECT_VERSION = 1;
				GENERATE_INFOPLIST_FILE = YES;
				MACOSX_DEPLOYMENT_TARGET = 12.3;
				MARKETING_VERSION = 1.0;
				PRODUCT_BUNDLE_IDENTIFIER = "work.yukineko.Tests-macOS";
				PRODUCT_NAME = "$(TARGET_NAME)";
				SDKROOT = macosx;
				SWIFT_EMIT_LOC_STRINGS = NO;
				SWIFT_VERSION = 5.0;
				TEST_TARGET_NAME = "Map (macOS)";
			};
			name = Release;
		};
/* End XCBuildConfiguration section */

/* Begin XCConfigurationList section */
		765FC2182879DAD600E0C8BA /* Build configuration list for PBXProject "Map" */ = {
			isa = XCConfigurationList;
			buildConfigurations = (
				765FC2482879DAD900E0C8BA /* Debug */,
				765FC2492879DAD900E0C8BA /* Release */,
			);
			defaultConfigurationIsVisible = 0;
			defaultConfigurationName = Release;
		};
		765FC24A2879DAD900E0C8BA /* Build configuration list for PBXNativeTarget "Map (iOS)" */ = {
			isa = XCConfigurationList;
			buildConfigurations = (
				765FC24B2879DAD900E0C8BA /* Debug */,
				765FC24C2879DAD900E0C8BA /* Release */,
			);
			defaultConfigurationIsVisible = 0;
			defaultConfigurationName = Release;
		};
		765FC24D2879DAD900E0C8BA /* Build configuration list for PBXNativeTarget "Map (macOS)" */ = {
			isa = XCConfigurationList;
			buildConfigurations = (
				765FC24E2879DAD900E0C8BA /* Debug */,
				765FC24F2879DAD900E0C8BA /* Release */,
			);
			defaultConfigurationIsVisible = 0;
			defaultConfigurationName = Release;
		};
		765FC2502879DAD900E0C8BA /* Build configuration list for PBXNativeTarget "Tests iOS" */ = {
			isa = XCConfigurationList;
			buildConfigurations = (
				765FC2512879DAD900E0C8BA /* Debug */,
				765FC2522879DAD900E0C8BA /* Release */,
			);
			defaultConfigurationIsVisible = 0;
			defaultConfigurationName = Release;
		};
		765FC2532879DAD900E0C8BA /* Build configuration list for PBXNativeTarget "Tests macOS" */ = {
			isa = XCConfigurationList;
			buildConfigurations = (
				765FC2542879DAD900E0C8BA /* Debug */,
				765FC2552879DAD900E0C8BA /* Release */,
			);
			defaultConfigurationIsVisible = 0;
			defaultConfigurationName = Release;
		};
/* End XCConfigurationList section */
	};
	rootObject = 765FC2152879DAD600E0C8BA /* Project object */;
}
